{
  "requires": true,
  "lockfileVersion": 1,
  "dependencies": {
    "random-keygen": {
      "version": "1.0.4",
      "resolved": "https://registry.npmjs.org/random-keygen/-/random-keygen-1.0.4.tgz",
      "integrity": "sha512-xb3WStFhc+ftxCKe/8v/yC7U1o0fXAuWIUn4CeB7c+L6tF3rUtBQEtwMmtm/5M0B8SrwrW6CG+cv+MBeG665pw=="
    }
  }
}
